
Microsoft Visual Studio Solution File, Format Version 11.00
# Visual Studio 2010
Project("{FAE04EC0-301F-11D3-BF4B-00C04F79EFBC}") = "QuickAddressWCF", "WcfService2\QuickAddressWCF.csproj", "{F2FF944F-77B2-44D1-9755-5D5297131189}"
EndProject
Global
	GlobalSection(SolutionConfigurationPlatforms) = preSolution
		Debug|Any CPU = Debug|Any CPU
		Release|Any CPU = Release|Any CPU
	EndGlobalSection
	GlobalSection(ProjectConfigurationPlatforms) = postSolution
		{F2FF944F-77B2-44D1-9755-5D5297131189}.Debug|Any CPU.ActiveCfg = Debug|Any CPU
		{F2FF944F-77B2-44D1-9755-5D5297131189}.Debug|Any CPU.Build.0 = Debug|Any CPU
		{F2FF944F-77B2-44D1-9755-5D5297131189}.Release|Any CPU.ActiveCfg = Release|Any CPU
		{F2FF944F-77B2-44D1-9755-5D5297131189}.Release|Any CPU.Build.0 = Release|Any CPU
	EndGlobalSection
	GlobalSection(SolutionProperties) = preSolution
		HideSolutionNode = FALSE
	EndGlobalSection
EndGlobal
